
Microsoft Visual Studio Solution File, Format Version 12.00
# Visual Studio Version 17
VisualStudioVersion = 17.11.35327.3
MinimumVisualStudioVersion = 10.0.40219.1
Project("{2150E333-8FDC-42A3-9474-1A3956D46DE8}") = "Webs", "Webs", "{90C93C63-7315-4456-972B-97D573FFD242}"
EndProject
Project("{2150E333-8FDC-42A3-9474-1A3956D46DE8}") = "Platform", "Platform", "{7DBE79FD-E118-4646-8828-513CBFBA0C7A}"
EndProject
Project("{9A19103F-16F7-4668-BE54-9A1E7A4F7556}") = "TSL.Base.Platform", "TSL.Base.Platform\TSL.Base.Platform.csproj", "{6DFE32A0-B86A-4D44-B39A-F2A35C78AA0B}"
EndProject
Project("{9A19103F-16F7-4668-BE54-9A1E7A4F7556}") = "TSL.TAAA.API", "TSL.TAAS.API\TSL.TAAA.API.csproj", "{51CE5C36-64D8-4DCB-9682-23B1A04B1662}"
EndProject
Project("{2150E333-8FDC-42A3-9474-1A3956D46DE8}") = "Service", "Service", "{1A8E1CF8-5EDB-4AD4-81D9-59887D720525}"
EndProject
Project("{9A19103F-16F7-4668-BE54-9A1E7A4F7556}") = "TSL.TAAA.Service", "TSL.TAAS.Service\TSL.TAAA.Service.csproj", "{D36C9A8E-A6F5-4FD2-BBE8-52189C91480D}"
EndProject
Project("{2150E333-8FDC-42A3-9474-1A3956D46DE8}") = "Model", "Model", "{6C90AF6C-00B5-45C2-8456-423D790575CB}"
EndProject
Project("{9A19103F-16F7-4668-BE54-9A1E7A4F7556}") = "TSL.TOTP.Service", "TSL.TOTP.Service\TSL.TOTP.Service.csproj", "{71FC514B-2C6A-44AC-A094-DAF6933650C8}"
EndProject
Project("{9A19103F-16F7-4668-BE54-9A1E7A4F7556}") = "TSL.Common.Model.Service", "TSL.TOTP.Model.Service\TSL.Common.Model.Service.csproj", "{7A2C2661-E793-4B55-AE7D-654CD6D686C7}"
EndProject
Project("{2150E333-8FDC-42A3-9474-1A3956D46DE8}") = "DataAccessLayer", "DataAccessLayer", "{5151C807-144C-467D-8AA3-F74B9D569464}"
EndProject
Project("{9A19103F-16F7-4668-BE54-9A1E7A4F7556}") = "TSL.Common.Model.DataAccessLayer", "TSL.TOTP.Model.DataAccessLayer\TSL.Common.Model.DataAccessLayer.csproj", "{E31FBC6B-F2EF-480D-B74D-06DAB4ABEBC6}"
EndProject
Project("{9A19103F-16F7-4668-BE54-9A1E7A4F7556}") = "TSL.TAAA.DataAccessLayer", "TSL.TAAA.DataAccessLayer\TSL.TAAA.DataAccessLayer.csproj", "{7CA50CB8-85FE-4695-A4F6-2091C3F5B094}"
EndProject
Project("{2150E333-8FDC-42A3-9474-1A3956D46DE8}") = "SQL", "SQL", "{5B1FAB80-F67E-4BD5-995C-B8D5BF44E459}"
EndProject
Project("{2150E333-8FDC-42A3-9474-1A3956D46DE8}") = "TAAA", "TAAA", "{5D87B2CE-88D3-4165-B760-A1C44C08720A}"
	ProjectSection(SolutionItems) = preProject
		TAAA.sql = TAAA.sql
	EndProjectSection
EndProject
Project("{9A19103F-16F7-4668-BE54-9A1E7A4F7556}") = "TSL.TSTD.API", "TSL.TSTD.API\TSL.TSTD.API.csproj", "{C27F271E-87DD-480E-9D98-34E655A57D76}"
EndProject
Project("{9A19103F-16F7-4668-BE54-9A1E7A4F7556}") = "TSL.TSTD.DataAccessLayer", "TSL.TSTD.DataAccessLayer\TSL.TSTD.DataAccessLayer.csproj", "{F31EBD98-EBAF-4955-8D03-66ACF991DA99}"
EndProject
Project("{9A19103F-16F7-4668-BE54-9A1E7A4F7556}") = "TSL.TSTD.Service", "TSL.TSTD.Service\TSL.TSTD.Service.csproj", "{962FD810-B80B-4BC2-82C9-FEACF40C1D00}"
EndProject
Project("{2150E333-8FDC-42A3-9474-1A3956D46DE8}") = "TSTD", "TSTD", "{FE2322CF-5A34-4918-889D-BB21CD6C99B3}"
	ProjectSection(SolutionItems) = preProject
		SampleTable.sql = SampleTable.sql
	EndProjectSection
EndProject
Global
	GlobalSection(SolutionConfigurationPlatforms) = preSolution
		Debug|Any CPU = Debug|Any CPU
		Development|Any CPU = Development|Any CPU
		Release|Any CPU = Release|Any CPU
	EndGlobalSection
	GlobalSection(ProjectConfigurationPlatforms) = postSolution
		{6DFE32A0-B86A-4D44-B39A-F2A35C78AA0B}.Debug|Any CPU.ActiveCfg = Debug|Any CPU
		{6DFE32A0-B86A-4D44-B39A-F2A35C78AA0B}.Debug|Any CPU.Build.0 = Debug|Any CPU
		{6DFE32A0-B86A-4D44-B39A-F2A35C78AA0B}.Development|Any CPU.ActiveCfg = Development|Any CPU
		{6DFE32A0-B86A-4D44-B39A-F2A35C78AA0B}.Development|Any CPU.Build.0 = Development|Any CPU
		{6DFE32A0-B86A-4D44-B39A-F2A35C78AA0B}.Release|Any CPU.ActiveCfg = Release|Any CPU
		{6DFE32A0-B86A-4D44-B39A-F2A35C78AA0B}.Release|Any CPU.Build.0 = Release|Any CPU
		{51CE5C36-64D8-4DCB-9682-23B1A04B1662}.Debug|Any CPU.ActiveCfg = Debug|Any CPU
		{51CE5C36-64D8-4DCB-9682-23B1A04B1662}.Debug|Any CPU.Build.0 = Debug|Any CPU
		{51CE5C36-64D8-4DCB-9682-23B1A04B1662}.Development|Any CPU.ActiveCfg = Development|Any CPU
		{51CE5C36-64D8-4DCB-9682-23B1A04B1662}.Development|Any CPU.Build.0 = Development|Any CPU
		{51CE5C36-64D8-4DCB-9682-23B1A04B1662}.Release|Any CPU.ActiveCfg = Release|Any CPU
		{51CE5C36-64D8-4DCB-9682-23B1A04B1662}.Release|Any CPU.Build.0 = Release|Any CPU
		{D36C9A8E-A6F5-4FD2-BBE8-52189C91480D}.Debug|Any CPU.ActiveCfg = Debug|Any CPU
		{D36C9A8E-A6F5-4FD2-BBE8-52189C91480D}.Debug|Any CPU.Build.0 = Debug|Any CPU
		{D36C9A8E-A6F5-4FD2-BBE8-52189C91480D}.Development|Any CPU.ActiveCfg = Development|Any CPU
		{D36C9A8E-A6F5-4FD2-BBE8-52189C91480D}.Development|Any CPU.Build.0 = Development|Any CPU
		{D36C9A8E-A6F5-4FD2-BBE8-52189C91480D}.Release|Any CPU.ActiveCfg = Release|Any CPU
		{D36C9A8E-A6F5-4FD2-BBE8-52189C91480D}.Release|Any CPU.Build.0 = Release|Any CPU
		{71FC514B-2C6A-44AC-A094-DAF6933650C8}.Debug|Any CPU.ActiveCfg = Debug|Any CPU
		{71FC514B-2C6A-44AC-A094-DAF6933650C8}.Debug|Any CPU.Build.0 = Debug|Any CPU
		{71FC514B-2C6A-44AC-A094-DAF6933650C8}.Development|Any CPU.ActiveCfg = Development|Any CPU
		{71FC514B-2C6A-44AC-A094-DAF6933650C8}.Development|Any CPU.Build.0 = Development|Any CPU
		{71FC514B-2C6A-44AC-A094-DAF6933650C8}.Release|Any CPU.ActiveCfg = Release|Any CPU
		{71FC514B-2C6A-44AC-A094-DAF6933650C8}.Release|Any CPU.Build.0 = Release|Any CPU
		{7A2C2661-E793-4B55-AE7D-654CD6D686C7}.Debug|Any CPU.ActiveCfg = Debug|Any CPU
		{7A2C2661-E793-4B55-AE7D-654CD6D686C7}.Debug|Any CPU.Build.0 = Debug|Any CPU
		{7A2C2661-E793-4B55-AE7D-654CD6D686C7}.Development|Any CPU.ActiveCfg = Development|Any CPU
		{7A2C2661-E793-4B55-AE7D-654CD6D686C7}.Development|Any CPU.Build.0 = Development|Any CPU
		{7A2C2661-E793-4B55-AE7D-654CD6D686C7}.Release|Any CPU.ActiveCfg = Release|Any CPU
		{7A2C2661-E793-4B55-AE7D-654CD6D686C7}.Release|Any CPU.Build.0 = Release|Any CPU
		{E31FBC6B-F2EF-480D-B74D-06DAB4ABEBC6}.Debug|Any CPU.ActiveCfg = Debug|Any CPU
		{E31FBC6B-F2EF-480D-B74D-06DAB4ABEBC6}.Debug|Any CPU.Build.0 = Debug|Any CPU
		{E31FBC6B-F2EF-480D-B74D-06DAB4ABEBC6}.Development|Any CPU.ActiveCfg = Development|Any CPU
		{E31FBC6B-F2EF-480D-B74D-06DAB4ABEBC6}.Development|Any CPU.Build.0 = Development|Any CPU
		{E31FBC6B-F2EF-480D-B74D-06DAB4ABEBC6}.Release|Any CPU.ActiveCfg = Release|Any CPU
		{E31FBC6B-F2EF-480D-B74D-06DAB4ABEBC6}.Release|Any CPU.Build.0 = Release|Any CPU
		{7CA50CB8-85FE-4695-A4F6-2091C3F5B094}.Debug|Any CPU.ActiveCfg = Debug|Any CPU
		{7CA50CB8-85FE-4695-A4F6-2091C3F5B094}.Debug|Any CPU.Build.0 = Debug|Any CPU
		{7CA50CB8-85FE-4695-A4F6-2091C3F5B094}.Development|Any CPU.ActiveCfg = Development|Any CPU
		{7CA50CB8-85FE-4695-A4F6-2091C3F5B094}.Development|Any CPU.Build.0 = Development|Any CPU
		{7CA50CB8-85FE-4695-A4F6-2091C3F5B094}.Release|Any CPU.ActiveCfg = Release|Any CPU
		{7CA50CB8-85FE-4695-A4F6-2091C3F5B094}.Release|Any CPU.Build.0 = Release|Any CPU
		{C27F271E-87DD-480E-9D98-34E655A57D76}.Debug|Any CPU.ActiveCfg = Debug|Any CPU
		{C27F271E-87DD-480E-9D98-34E655A57D76}.Debug|Any CPU.Build.0 = Debug|Any CPU
		{C27F271E-87DD-480E-9D98-34E655A57D76}.Development|Any CPU.ActiveCfg = Development|Any CPU
		{C27F271E-87DD-480E-9D98-34E655A57D76}.Development|Any CPU.Build.0 = Development|Any CPU
		{C27F271E-87DD-480E-9D98-34E655A57D76}.Release|Any CPU.ActiveCfg = Release|Any CPU
		{C27F271E-87DD-480E-9D98-34E655A57D76}.Release|Any CPU.Build.0 = Release|Any CPU
		{F31EBD98-EBAF-4955-8D03-66ACF991DA99}.Debug|Any CPU.ActiveCfg = Debug|Any CPU
		{F31EBD98-EBAF-4955-8D03-66ACF991DA99}.Debug|Any CPU.Build.0 = Debug|Any CPU
		{F31EBD98-EBAF-4955-8D03-66ACF991DA99}.Development|Any CPU.ActiveCfg = Development|Any CPU
		{F31EBD98-EBAF-4955-8D03-66ACF991DA99}.Development|Any CPU.Build.0 = Development|Any CPU
		{F31EBD98-EBAF-4955-8D03-66ACF991DA99}.Release|Any CPU.ActiveCfg = Release|Any CPU
		{F31EBD98-EBAF-4955-8D03-66ACF991DA99}.Release|Any CPU.Build.0 = Release|Any CPU
		{962FD810-B80B-4BC2-82C9-FEACF40C1D00}.Debug|Any CPU.ActiveCfg = Debug|Any CPU
		{962FD810-B80B-4BC2-82C9-FEACF40C1D00}.Debug|Any CPU.Build.0 = Debug|Any CPU
		{962FD810-B80B-4BC2-82C9-FEACF40C1D00}.Development|Any CPU.ActiveCfg = Development|Any CPU
		{962FD810-B80B-4BC2-82C9-FEACF40C1D00}.Development|Any CPU.Build.0 = Development|Any CPU
		{962FD810-B80B-4BC2-82C9-FEACF40C1D00}.Release|Any CPU.ActiveCfg = Release|Any CPU
		{962FD810-B80B-4BC2-82C9-FEACF40C1D00}.Release|Any CPU.Build.0 = Release|Any CPU
	EndGlobalSection
	GlobalSection(SolutionProperties) = preSolution
		HideSolutionNode = FALSE
	EndGlobalSection
	GlobalSection(NestedProjects) = preSolution
		{6DFE32A0-B86A-4D44-B39A-F2A35C78AA0B} = {7DBE79FD-E118-4646-8828-513CBFBA0C7A}
		{51CE5C36-64D8-4DCB-9682-23B1A04B1662} = {90C93C63-7315-4456-972B-97D573FFD242}
		{D36C9A8E-A6F5-4FD2-BBE8-52189C91480D} = {1A8E1CF8-5EDB-4AD4-81D9-59887D720525}
		{71FC514B-2C6A-44AC-A094-DAF6933650C8} = {1A8E1CF8-5EDB-4AD4-81D9-59887D720525}
		{7A2C2661-E793-4B55-AE7D-654CD6D686C7} = {6C90AF6C-00B5-45C2-8456-423D790575CB}
		{E31FBC6B-F2EF-480D-B74D-06DAB4ABEBC6} = {6C90AF6C-00B5-45C2-8456-423D790575CB}
		{7CA50CB8-85FE-4695-A4F6-2091C3F5B094} = {5151C807-144C-467D-8AA3-F74B9D569464}
		{5D87B2CE-88D3-4165-B760-A1C44C08720A} = {5B1FAB80-F67E-4BD5-995C-B8D5BF44E459}
		{C27F271E-87DD-480E-9D98-34E655A57D76} = {90C93C63-7315-4456-972B-97D573FFD242}
		{F31EBD98-EBAF-4955-8D03-66ACF991DA99} = {5151C807-144C-467D-8AA3-F74B9D569464}
		{962FD810-B80B-4BC2-82C9-FEACF40C1D00} = {1A8E1CF8-5EDB-4AD4-81D9-59887D720525}
		{FE2322CF-5A34-4918-889D-BB21CD6C99B3} = {5B1FAB80-F67E-4BD5-995C-B8D5BF44E459}
	EndGlobalSection
	GlobalSection(ExtensibilityGlobals) = postSolution
		SolutionGuid = {E14865D3-0F01-4419-9593-EC32CEBE64C7}
	EndGlobalSection
EndGlobal
